
Microsoft Visual Studio Solution File, Format Version 12.00
# Visual Studio Version 17
VisualStudioVersion = 17.9.34714.143
MinimumVisualStudioVersion = 10.0.40219.1
Project("{FAE04EC0-301F-11D3-BF4B-00C04F79EFBC}") = "EmployeesAPI", "EmployeesAPI\EmployeesAPI.csproj", "{22BAB1EE-02F4-46B1-B914-EC68555B5DCC}"
EndProject
Global
	GlobalSection(SolutionConfigurationPlatforms) = preSolution
		Debug|Any CPU = Debug|Any CPU
		Release|Any CPU = Release|Any CPU
	EndGlobalSection
	GlobalSection(ProjectConfigurationPlatforms) = postSolution
		{22BAB1EE-02F4-46B1-B914-EC68555B5DCC}.Debug|Any CPU.ActiveCfg = Debug|Any CPU
		{22BAB1EE-02F4-46B1-B914-EC68555B5DCC}.Debug|Any CPU.Build.0 = Debug|Any CPU
		{22BAB1EE-02F4-46B1-B914-EC68555B5DCC}.Release|Any CPU.ActiveCfg = Release|Any CPU
		{22BAB1EE-02F4-46B1-B914-EC68555B5DCC}.Release|Any CPU.Build.0 = Release|Any CPU
	EndGlobalSection
	GlobalSection(SolutionProperties) = preSolution
		HideSolutionNode = FALSE
	EndGlobalSection
	GlobalSection(ExtensibilityGlobals) = postSolution
		SolutionGuid = {6160CC66-20C1-41B5-908A-D7D8244AFF1F}
	EndGlobalSection
EndGlobal
